
Microsoft Visual Studio Solution File, Format Version 12.00
# Visual Studio Version 16
VisualStudioVersion = 16.0.31313.79
MinimumVisualStudioVersion = 10.0.40219.1
Project("{9A19103F-16F7-4668-BE54-9A1E7A4F7556}") = "Projekt.Server", "Projekt\Server\Projekt.Server.csproj", "{2F49BA3A-FF41-4FB9-B7AE-4067E3007261}"
EndProject
Project("{9A19103F-16F7-4668-BE54-9A1E7A4F7556}") = "Projekt.Client", "Projekt\Client\Projekt.Client.csproj", "{7ED4E032-D9B8-475F-9B47-7F38EC8B63C2}"
EndProject
Project("{9A19103F-16F7-4668-BE54-9A1E7A4F7556}") = "Projekt.Shared", "Projekt\Shared\Projekt.Shared.csproj", "{F8A21546-D94D-4482-B199-2C400F40DB01}"
EndProject
Global
	GlobalSection(SolutionConfigurationPlatforms) = preSolution
		Debug|Any CPU = Debug|Any CPU
		Release|Any CPU = Release|Any CPU
	EndGlobalSection
	GlobalSection(ProjectConfigurationPlatforms) = postSolution
		{2F49BA3A-FF41-4FB9-B7AE-4067E3007261}.Debug|Any CPU.ActiveCfg = Debug|Any CPU
		{2F49BA3A-FF41-4FB9-B7AE-4067E3007261}.Debug|Any CPU.Build.0 = Debug|Any CPU
		{2F49BA3A-FF41-4FB9-B7AE-4067E3007261}.Release|Any CPU.ActiveCfg = Release|Any CPU
		{2F49BA3A-FF41-4FB9-B7AE-4067E3007261}.Release|Any CPU.Build.0 = Release|Any CPU
		{7ED4E032-D9B8-475F-9B47-7F38EC8B63C2}.Debug|Any CPU.ActiveCfg = Debug|Any CPU
		{7ED4E032-D9B8-475F-9B47-7F38EC8B63C2}.Debug|Any CPU.Build.0 = Debug|Any CPU
		{7ED4E032-D9B8-475F-9B47-7F38EC8B63C2}.Release|Any CPU.ActiveCfg = Release|Any CPU
		{7ED4E032-D9B8-475F-9B47-7F38EC8B63C2}.Release|Any CPU.Build.0 = Release|Any CPU
		{F8A21546-D94D-4482-B199-2C400F40DB01}.Debug|Any CPU.ActiveCfg = Debug|Any CPU
		{F8A21546-D94D-4482-B199-2C400F40DB01}.Debug|Any CPU.Build.0 = Debug|Any CPU
		{F8A21546-D94D-4482-B199-2C400F40DB01}.Release|Any CPU.ActiveCfg = Release|Any CPU
		{F8A21546-D94D-4482-B199-2C400F40DB01}.Release|Any CPU.Build.0 = Release|Any CPU
	EndGlobalSection
	GlobalSection(SolutionProperties) = preSolution
		HideSolutionNode = FALSE
	EndGlobalSection
	GlobalSection(ExtensibilityGlobals) = postSolution
		SolutionGuid = {9D3A3997-BEBF-4463-9C7F-1CDD4F51220D}
	EndGlobalSection
EndGlobal
